// !$*UTF8*$!
{
	archiveVersion = 1;
	classes = {
	};
	objectVersion = 56;
	objects = {

/* Begin PBXBuildFile section */
		BF06E85F2A78F30300FD0E8F /* DetailsVC.swift in Sources */ = {isa = PBXBuildFile; fileRef = BF06E85E2A78F30300FD0E8F /* DetailsVC.swift */; };
		BF9DA7392A78D35D000C09FA /* AppDelegate.swift in Sources */ = {isa = PBXBuildFile; fileRef = BF9DA7382A78D35D000C09FA /* AppDelegate.swift */; };
		BF9DA73B2A78D35D000C09FA /* SceneDelegate.swift in Sources */ = {isa = PBXBuildFile; fileRef = BF9DA73A2A78D35D000C09FA /* SceneDelegate.swift */; };
		BF9DA73D2A78D35D000C09FA /* ViewController.swift in Sources */ = {isa = PBXBuildFile; fileRef = BF9DA73C2A78D35D000C09FA /* ViewController.swift */; };
		BF9DA7402A78D35D000C09FA /* Main.storyboard in Resources */ = {isa = PBXBuildFile; fileRef = BF9DA73E2A78D35D000C09FA /* Main.storyboard */; };
		BF9DA7422A78D35F000C09FA /* Assets.xcassets in Resources */ = {isa = PBXBuildFile; fileRef = BF9DA7412A78D35F000C09FA /* Assets.xcassets */; };
		BF9DA7452A78D35F000C09FA /* LaunchScreen.storyboard in Resources */ = {isa = PBXBuildFile; fileRef = BF9DA7432A78D35F000C09FA /* LaunchScreen.storyboard */; };
		BF9DA7532A78D4C2000C09FA /* GuitarCell.swift in Sources */ = {isa = PBXBuildFile; fileRef = BF9DA7512A78D4C2000C09FA /* GuitarCell.swift */; };
		BF9DA7542A78D4C2000C09FA /* GuitarCell.xib in Resources */ = {isa = PBXBuildFile; fileRef = BF9DA7522A78D4C2000C09FA /* GuitarCell.xib */; };
		BF9DA7562A78D9BF000C09FA /* Guitar.swift in Sources */ = {isa = PBXBuildFile; fileRef = BF9DA7552A78D9BF000C09FA /* Guitar.swift */; };
		BF9DA7582A78DD34000C09FA /* Images.swift in Sources */ = {isa = PBXBuildFile; fileRef = BF9DA7572A78DD34000C09FA /* Images.swift */; };
/* End PBXBuildFile section */

/* Begin PBXFileReference section */
		BF06E85E2A78F30300FD0E8F /* DetailsVC.swift */ = {isa = PBXFileReference; lastKnownFileType = sourcecode.swift; path = DetailsVC.swift; sourceTree = "<group>"; };
		BF9DA7352A78D35D000C09FA /* GuitarPedia.app */ = {isa = PBXFileReference; explicitFileType = wrapper.application; includeInIndex = 0; path = GuitarPedia.app; sourceTree = BUILT_PRODUCTS_DIR; };
		BF9DA7382A78D35D000C09FA /* AppDelegate.swift */ = {isa = PBXFileReference; lastKnownFileType = sourcecode.swift; path = AppDelegate.swift; sourceTree = "<group>"; };
		BF9DA73A2A78D35D000C09FA /* SceneDelegate.swift */ = {isa = PBXFileReference; lastKnownFileType = sourcecode.swift; path = SceneDelegate.swift; sourceTree = "<group>"; };
		BF9DA73C2A78D35D000C09FA /* ViewController.swift */ = {isa = PBXFileReference; lastKnownFileType = sourcecode.swift; path = ViewController.swift; sourceTree = "<group>"; };
		BF9DA73F2A78D35D000C09FA /* Base */ = {isa = PBXFileReference; lastKnownFileType = file.storyboard; name = Base; path = Base.lproj/Main.storyboard; sourceTree = "<group>"; };
		BF9DA7412A78D35F000C09FA /* Assets.xcassets */ = {isa = PBXFileReference; lastKnownFileType = folder.assetcatalog; path = Assets.xcassets; sourceTree = "<group>"; };
		BF9DA7442A78D35F000C09FA /* Base */ = {isa = PBXFileReference; lastKnownFileType = file.storyboard; name = Base; path = Base.lproj/LaunchScreen.storyboard; sourceTree = "<group>"; };
		BF9DA7462A78D35F000C09FA /* Info.plist */ = {isa = PBXFileReference; lastKnownFileType = text.plist.xml; path = Info.plist; sourceTree = "<group>"; };
		BF9DA7512A78D4C2000C09FA /* GuitarCell.swift */ = {isa = PBXFileReference; lastKnownFileType = sourcecode.swift; path = GuitarCell.swift; sourceTree = "<group>"; };
		BF9DA7522A78D4C2000C09FA /* GuitarCell.xib */ = {isa = PBXFileReference; lastKnownFileType = file.xib; path = GuitarCell.xib; sourceTree = "<group>"; };
		BF9DA7552A78D9BF000C09FA /* Guitar.swift */ = {isa = PBXFileReference; lastKnownFileType = sourcecode.swift; path = Guitar.swift; sourceTree = "<group>"; };
		BF9DA7572A78DD34000C09FA /* Images.swift */ = {isa = PBXFileReference; lastKnownFileType = sourcecode.swift; path = Images.swift; sourceTree = "<group>"; };
/* End PBXFileReference section */

/* Begin PBXFrameworksBuildPhase section */
		BF9DA7322A78D35D000C09FA /* Frameworks */ = {
			isa = PBXFrameworksBuildPhase;
			buildActionMask = 2147483647;
			files = (
			);
			runOnlyForDeploymentPostprocessing = 0;
		};
/* End PBXFrameworksBuildPhase section */

/* Begin PBXGroup section */
		BF9DA72C2A78D35D000C09FA = {
			isa = PBXGroup;
			children = (
				BF9DA7372A78D35D000C09FA /* GuitarPedia */,
				BF9DA7362A78D35D000C09FA /* Products */,
			);
			sourceTree = "<group>";
		};
		BF9DA7362A78D35D000C09FA /* Products */ = {
			isa = PBXGroup;
			children = (
				BF9DA7352A78D35D000C09FA /* GuitarPedia.app */,
			);
			name = Products;
			sourceTree = "<group>";
		};
		BF9DA7372A78D35D000C09FA /* GuitarPedia */ = {
			isa = PBXGroup;
			children = (
				BF9DA74C2A78D425000C09FA /* View */,
				BF9DA74E2A78D446000C09FA /* Model */,
				BF9DA74D2A78D434000C09FA /* Controller */,
				BF9DA7382A78D35D000C09FA /* AppDelegate.swift */,
				BF9DA73A2A78D35D000C09FA /* SceneDelegate.swift */,
				BF9DA7412A78D35F000C09FA /* Assets.xcassets */,
				BF9DA7432A78D35F000C09FA /* LaunchScreen.storyboard */,
				BF9DA7462A78D35F000C09FA /* Info.plist */,
				BF9DA7572A78DD34000C09FA /* Images.swift */,
			);
			path = GuitarPedia;
			sourceTree = "<group>";
		};
		BF9DA74C2A78D425000C09FA /* View */ = {
			isa = PBXGroup;
			children = (
				BF9DA73E2A78D35D000C09FA /* Main.storyboard */,
				BF9DA7512A78D4C2000C09FA /* GuitarCell.swift */,
				BF9DA7522A78D4C2000C09FA /* GuitarCell.xib */,
			);
			path = View;
			sourceTree = "<group>";
		};
		BF9DA74D2A78D434000C09FA /* Controller */ = {
			isa = PBXGroup;
			children = (
				BF9DA73C2A78D35D000C09FA /* ViewController.swift */,
				BF06E85E2A78F30300FD0E8F /* DetailsVC.swift */,
			);
			path = Controller;
			sourceTree = "<group>";
		};
		BF9DA74E2A78D446000C09FA /* Model */ = {
			isa = PBXGroup;
			children = (
				BF9DA7552A78D9BF000C09FA /* Guitar.swift */,
			);
			path = Model;
			sourceTree = "<group>";
		};
/* End PBXGroup section */

/* Begin PBXNativeTarget section */
		BF9DA7342A78D35D000C09FA /* GuitarPedia */ = {
			isa = PBXNativeTarget;
			buildConfigurationList = BF9DA7492A78D35F000C09FA /* Build configuration list for PBXNativeTarget "GuitarPedia" */;
			buildPhases = (
				BF9DA7312A78D35D000C09FA /* Sources */,
				BF9DA7322A78D35D000C09FA /* Frameworks */,
				BF9DA7332A78D35D000C09FA /* Resources */,
			);
			buildRules = (
			);
			dependencies = (
			);
			name = GuitarPedia;
			productName = GuitarPedia;
			productReference = BF9DA7352A78D35D000C09FA /* GuitarPedia.app */;
			productType = "com.apple.product-type.application";
		};
/* End PBXNativeTarget section */

/* Begin PBXProject section */
		BF9DA72D2A78D35D000C09FA /* Project object */ = {
			isa = PBXProject;
			attributes = {
				BuildIndependentTargetsInParallel = 1;
				LastSwiftUpdateCheck = 1430;
				LastUpgradeCheck = 1430;
				TargetAttributes = {
					BF9DA7342A78D35D000C09FA = {
						CreatedOnToolsVersion = 14.3.1;
					};
				};
			};
			buildConfigurationList = BF9DA7302A78D35D000C09FA /* Build configuration list for PBXProject "GuitarPedia" */;
			compatibilityVersion = "Xcode 14.0";
			developmentRegion = en;
			hasScannedForEncodings = 0;
			knownRegions = (
				en,
				Base,
			);
			mainGroup = BF9DA72C2A78D35D000C09FA;
			productRefGroup = BF9DA7362A78D35D000C09FA /* Products */;
			projectDirPath = "";
			projectRoot = "";
			targets = (
				BF9DA7342A78D35D000C09FA /* GuitarPedia */,
			);
		};
/* End PBXProject section */

/* Begin PBXResourcesBuildPhase section */
		BF9DA7332A78D35D000C09FA /* Resources */ = {
			isa = PBXResourcesBuildPhase;
			buildActionMask = 2147483647;
			files = (
				BF9DA7452A78D35F000C09FA /* LaunchScreen.storyboard in Resources */,
				BF9DA7422A78D35F000C09FA /* Assets.xcassets in Resources */,
				BF9DA7402A78D35D000C09FA /* Main.storyboard in Resources */,
				BF9DA7542A78D4C2000C09FA /* GuitarCell.xib in Resources */,
			);
			runOnlyForDeploymentPostprocessing = 0;
		};
/* End PBXResourcesBuildPhase section */

/* Begin PBXSourcesBuildPhase section */
		BF9DA7312A78D35D000C09FA /* Sources */ = {
			isa = PBXSourcesBuildPhase;
			buildActionMask = 2147483647;
			files = (
				BF9DA73D2A78D35D000C09FA /* ViewController.swift in Sources */,
				BF9DA7582A78DD34000C09FA /* Images.swift in Sources */,
				BF9DA7392A78D35D000C09FA /* AppDelegate.swift in Sources */,
				BF9DA73B2A78D35D000C09FA /* SceneDelegate.swift in Sources */,
				BF06E85F2A78F30300FD0E8F /* DetailsVC.swift in Sources */,
				BF9DA7562A78D9BF000C09FA /* Guitar.swift in Sources */,
				BF9DA7532A78D4C2000C09FA /* GuitarCell.swift in Sources */,
			);
			runOnlyForDeploymentPostprocessing = 0;
		};
/* End PBXSourcesBuildPhase section */

/* Begin PBXVariantGroup section */
		BF9DA73E2A78D35D000C09FA /* Main.storyboard */ = {
			isa = PBXVariantGroup;
			children = (
				BF9DA73F2A78D35D000C09FA /* Base */,
			);
			name = Main.storyboard;
			sourceTree = "<group>";
		};
		BF9DA7432A78D35F000C09FA /* LaunchScreen.storyboard */ = {
			isa = PBXVariantGroup;
			children = (
				BF9DA7442A78D35F000C09FA /* Base */,
			);
			name = LaunchScreen.storyboard;
			sourceTree = "<group>";
		};
/* End PBXVariantGroup section */

/* Begin XCBuildConfiguration section */
		BF9DA7472A78D35F000C09FA /* Debug */ = {
			isa = XCBuildConfiguration;
			buildSettings = {
				ALWAYS_SEARCH_USER_PATHS = NO;
				CLANG_ANALYZER_NONNULL = YES;
				CLANG_ANALYZER_NUMBER_OBJECT_CONVERSION = YES_AGGRESSIVE;
				CLANG_CXX_LANGUAGE_STANDARD = "gnu++20";
				CLANG_ENABLE_MODULES = YES;
				CLANG_ENABLE_OBJC_ARC = YES;
				CLANG_ENABLE_OBJC_WEAK = YES;
				CLANG_WARN_BLOCK_CAPTURE_AUTORELEASING = YES;
				CLANG_WARN_BOOL_CONVERSION = YES;
				CLANG_WARN_COMMA = YES;
				CLANG_WARN_CONSTANT_CONVERSION = YES;
				CLANG_WARN_DEPRECATED_OBJC_IMPLEMENTATIONS = YES;
				CLANG_WARN_DIRECT_OBJC_ISA_USAGE = YES_ERROR;
				CLANG_WARN_DOCUMENTATION_COMMENTS = YES;
				CLANG_WARN_EMPTY_BODY = YES;
				CLANG_WARN_ENUM_CONVERSION = YES;
				CLANG_WARN_INFINITE_RECURSION = YES;
				CLANG_WARN_INT_CONVERSION = YES;
				CLANG_WARN_NON_LITERAL_NULL_CONVERSION = YES;
				CLANG_WARN_OBJC_IMPLICIT_RETAIN_SELF = YES;
				CLANG_WARN_OBJC_LITERAL_CONVERSION = YES;
				CLANG_WARN_OBJC_ROOT_CLASS = YES_ERROR;
				CLANG_WARN_QUOTED_INCLUDE_IN_FRAMEWORK_HEADER = YES;
				CLANG_WARN_RANGE_LOOP_ANALYSIS = YES;
				CLANG_WARN_STRICT_PROTOTYPES = YES;
				CLANG_WARN_SUSPICIOUS_MOVE = YES;
				CLANG_WARN_UNGUARDED_AVAILABILITY = YES_AGGRESSIVE;
				CLANG_WARN_UNREACHABLE_CODE = YES;
				CLANG_WARN__DUPLICATE_METHOD_MATCH = YES;
				COPY_PHASE_STRIP = NO;
				DEBUG_INFORMATION_FORMAT = dwarf;
				ENABLE_STRICT_OBJC_MSGSEND = YES;
				ENABLE_TESTABILITY = YES;
				GCC_C_LANGUAGE_STANDARD = gnu11;
				GCC_DYNAMIC_NO_PIC = NO;
				GCC_NO_COMMON_BLOCKS = YES;
				GCC_OPTIMIZATION_LEVEL = 0;
				GCC_PREPROCESSOR_DEFINITIONS = (
					"DEBUG=1",
					"$(inherited)",
				);
				GCC_WARN_64_TO_32_BIT_CONVERSION = YES;
				GCC_WARN_ABOUT_RETURN_TYPE = YES_ERROR;
				GCC_WARN_UNDECLARED_SELECTOR = YES;
				GCC_WARN_UNINITIALIZED_AUTOS = YES_AGGRESSIVE;
				GCC_WARN_UNUSED_FUNCTION = YES;
				GCC_WARN_UNUSED_VARIABLE = YES;
				IPHONEOS_DEPLOYMENT_TARGET = 16.4;
				MTL_ENABLE_DEBUG_INFO = INCLUDE_SOURCE;
				MTL_FAST_MATH = YES;
				ONLY_ACTIVE_ARCH = YES;
				SDKROOT = iphoneos;
				SWIFT_ACTIVE_COMPILATION_CONDITIONS = DEBUG;
				SWIFT_OPTIMIZATION_LEVEL = "-Onone";
			};
			name = Debug;
		};
		BF9DA7482A78D35F000C09FA /* Release */ = {
			isa = XCBuildConfiguration;
			buildSettings = {
				ALWAYS_SEARCH_USER_PATHS = NO;
				CLANG_ANALYZER_NONNULL = YES;
				CLANG_ANALYZER_NUMBER_OBJECT_CONVERSION = YES_AGGRESSIVE;
				CLANG_CXX_LANGUAGE_STANDARD = "gnu++20";
				CLANG_ENABLE_MODULES = YES;
				CLANG_ENABLE_OBJC_ARC = YES;
				CLANG_ENABLE_OBJC_WEAK = YES;
				CLANG_WARN_BLOCK_CAPTURE_AUTORELEASING = YES;
				CLANG_WARN_BOOL_CONVERSION = YES;
				CLANG_WARN_COMMA = YES;
				CLANG_WARN_CONSTANT_CONVERSION = YES;
				CLANG_WARN_DEPRECATED_OBJC_IMPLEMENTATIONS = YES;
				CLANG_WARN_DIRECT_OBJC_ISA_USAGE = YES_ERROR;
				CLANG_WARN_DOCUMENTATION_COMMENTS = YES;
				CLANG_WARN_EMPTY_BODY = YES;
				CLANG_WARN_ENUM_CONVERSION = YES;
				CLANG_WARN_INFINITE_RECURSION = YES;
				CLANG_WARN_INT_CONVERSION = YES;
				CLANG_WARN_NON_LITERAL_NULL_CONVERSION = YES;
				CLANG_WARN_OBJC_IMPLICIT_RETAIN_SELF = YES;
				CLANG_WARN_OBJC_LITERAL_CONVERSION = YES;
				CLANG_WARN_OBJC_ROOT_CLASS = YES_ERROR;
				CLANG_WARN_QUOTED_INCLUDE_IN_FRAMEWORK_HEADER = YES;
				CLANG_WARN_RANGE_LOOP_ANALYSIS = YES;
				CLANG_WARN_STRICT_PROTOTYPES = YES;
				CLANG_WARN_SUSPICIOUS_MOVE = YES;
				CLANG_WARN_UNGUARDED_AVAILABILITY = YES_AGGRESSIVE;
				CLANG_WARN_UNREACHABLE_CODE = YES;
				CLANG_WARN__DUPLICATE_METHOD_MATCH = YES;
				COPY_PHASE_STRIP = NO;
				DEBUG_INFORMATION_FORMAT = "dwarf-with-dsym";
				ENABLE_NS_ASSERTIONS = NO;
				ENABLE_STRICT_OBJC_MSGSEND = YES;
				GCC_C_LANGUAGE_STANDARD = gnu11;
				GCC_NO_COMMON_BLOCKS = YES;
				GCC_WARN_64_TO_32_BIT_CONVERSION = YES;
				GCC_WARN_ABOUT_RETURN_TYPE = YES_ERROR;
				GCC_WARN_UNDECLARED_SELECTOR = YES;
				GCC_WARN_UNINITIALIZED_AUTOS = YES_AGGRESSIVE;
				GCC_WARN_UNUSED_FUNCTION = YES;
				GCC_WARN_UNUSED_VARIABLE = YES;
				IPHONEOS_DEPLOYMENT_TARGET = 16.4;
				MTL_ENABLE_DEBUG_INFO = NO;
				MTL_FAST_MATH = YES;
				SDKROOT = iphoneos;
				SWIFT_COMPILATION_MODE = wholemodule;
				SWIFT_OPTIMIZATION_LEVEL = "-O";
				VALIDATE_PRODUCT = YES;
			};
			name = Release;
		};
		BF9DA74A2A78D35F000C09FA /* Debug */ = {
			isa = XCBuildConfiguration;
			buildSettings = {
				ASSETCATALOG_COMPILER_APPICON_NAME = AppIcon;
				ASSETCATALOG_COMPILER_GLOBAL_ACCENT_COLOR_NAME = AccentColor;
				CODE_SIGN_STYLE = Automatic;
				CURRENT_PROJECT_VERSION = 1;
				GENERATE_INFOPLIST_FILE = YES;
				INFOPLIST_FILE = GuitarPedia/Info.plist;
				INFOPLIST_KEY_UIApplicationSupportsIndirectInputEvents = YES;
				INFOPLIST_KEY_UILaunchStoryboardName = LaunchScreen;
				INFOPLIST_KEY_UIMainStoryboardFile = Main;
				INFOPLIST_KEY_UISupportedInterfaceOrientations_iPad = "UIInterfaceOrientationPortrait UIInterfaceOrientationPortraitUpsideDown UIInterfaceOrientationLandscapeLeft UIInterfaceOrientationLandscapeRight";
				INFOPLIST_KEY_UISupportedInterfaceOrientations_iPhone = "UIInterfaceOrientationPortrait UIInterfaceOrientationLandscapeLeft UIInterfaceOrientationLandscapeRight";
				IPHONEOS_DEPLOYMENT_TARGET = 13.0;
				LD_RUNPATH_SEARCH_PATHS = (
					"$(inherited)",
					"@executable_path/Frameworks",
				);
				MARKETING_VERSION = 1.0;
				PRODUCT_BUNDLE_IDENTIFIER = com.SEPY.GuitarPedia;
				PRODUCT_NAME = "$(TARGET_NAME)";
				SWIFT_EMIT_LOC_STRINGS = YES;
				SWIFT_VERSION = 5.0;
				TARGETED_DEVICE_FAMILY = "1,2";
			};
			name = Debug;
		};
		BF9DA74B2A78D35F000C09FA /* Release */ = {
			isa = XCBuildConfiguration;
			buildSettings = {
				ASSETCATALOG_COMPILER_APPICON_NAME = AppIcon;
				ASSETCATALOG_COMPILER_GLOBAL_ACCENT_COLOR_NAME = AccentColor;
				CODE_SIGN_STYLE = Automatic;
				CURRENT_PROJECT_VERSION = 1;
				GENERATE_INFOPLIST_FILE = YES;
				INFOPLIST_FILE = GuitarPedia/Info.plist;
				INFOPLIST_KEY_UIApplicationSupportsIndirectInputEvents = YES;
				INFOPLIST_KEY_UILaunchStoryboardName = LaunchScreen;
				INFOPLIST_KEY_UIMainStoryboardFile = Main;
				INFOPLIST_KEY_UISupportedInterfaceOrientations_iPad = "UIInterfaceOrientationPortrait UIInterfaceOrientationPortraitUpsideDown UIInterfaceOrientationLandscapeLeft UIInterfaceOrientationLandscapeRight";
				INFOPLIST_KEY_UISupportedInterfaceOrientations_iPhone = "UIInterfaceOrientationPortrait UIInterfaceOrientationLandscapeLeft UIInterfaceOrientationLandscapeRight";
				IPHONEOS_DEPLOYMENT_TARGET = 13.0;
				LD_RUNPATH_SEARCH_PATHS = (
					"$(inherited)",
					"@executable_path/Frameworks",
				);
				MARKETING_VERSION = 1.0;
				PRODUCT_BUNDLE_IDENTIFIER = com.SEPY.GuitarPedia;
				PRODUCT_NAME = "$(TARGET_NAME)";
				SWIFT_EMIT_LOC_STRINGS = YES;
				SWIFT_VERSION = 5.0;
				TARGETED_DEVICE_FAMILY = "1,2";
			};
			name = Release;
		};
/* End XCBuildConfiguration section */

/* Begin XCConfigurationList section */
		BF9DA7302A78D35D000C09FA /* Build configuration list for PBXProject "GuitarPedia" */ = {
			isa = XCConfigurationList;
			buildConfigurations = (
				BF9DA7472A78D35F000C09FA /* Debug */,
				BF9DA7482A78D35F000C09FA /* Release */,
			);
			defaultConfigurationIsVisible = 0;
			defaultConfigurationName = Release;
		};
		BF9DA7492A78D35F000C09FA /* Build configuration list for PBXNativeTarget "GuitarPedia" */ = {
			isa = XCConfigurationList;
			buildConfigurations = (
				BF9DA74A2A78D35F000C09FA /* Debug */,
				BF9DA74B2A78D35F000C09FA /* Release */,
			);
			defaultConfigurationIsVisible = 0;
			defaultConfigurationName = Release;
		};
/* End XCConfigurationList section */
	};
	rootObject = BF9DA72D2A78D35D000C09FA /* Project object */;
}
